// !$*UTF8*$!
{
	archiveVersion = 1;
	classes = {
	};
	objectVersion = 55;
	objects = {

/* Begin PBXBuildFile section */
		236BC6A42744B1CC003D9013 /* AppDelegate.swift in Sources */ = {isa = PBXBuildFile; fileRef = 236BC6A32744B1CC003D9013 /* AppDelegate.swift */; };
		236BC6A62744B1CC003D9013 /* SceneDelegate.swift in Sources */ = {isa = PBXBuildFile; fileRef = 236BC6A52744B1CC003D9013 /* SceneDelegate.swift */; };
		236BC6A82744B1CC003D9013 /* OrdersListViewController.swift in Sources */ = {isa = PBXBuildFile; fileRef = 236BC6A72744B1CC003D9013 /* OrdersListViewController.swift */; };
		236BC6AB2744B1CC003D9013 /* OrdersList.storyboard in Resources */ = {isa = PBXBuildFile; fileRef = 236BC6A92744B1CC003D9013 /* OrdersList.storyboard */; };
		236BC6AD2744B1CE003D9013 /* Assets.xcassets in Resources */ = {isa = PBXBuildFile; fileRef = 236BC6AC2744B1CE003D9013 /* Assets.xcassets */; };
		236BC6B02744B1CE003D9013 /* LaunchScreen.storyboard in Resources */ = {isa = PBXBuildFile; fileRef = 236BC6AE2744B1CE003D9013 /* LaunchScreen.storyboard */; };
		236BC6B92744B26A003D9013 /* DataAPI.swift in Sources */ = {isa = PBXBuildFile; fileRef = 236BC6B82744B26A003D9013 /* DataAPI.swift */; };
		236BC6BC2744B49E003D9013 /* Dish.swift in Sources */ = {isa = PBXBuildFile; fileRef = 236BC6BB2744B49E003D9013 /* Dish.swift */; };
		236BC6BE2744B4C5003D9013 /* Order.swift in Sources */ = {isa = PBXBuildFile; fileRef = 236BC6BD2744B4C5003D9013 /* Order.swift */; };
		236BC6C02744B4F2003D9013 /* Till.swift in Sources */ = {isa = PBXBuildFile; fileRef = 236BC6BF2744B4F2003D9013 /* Till.swift */; };
		236BC6C42744B5A5003D9013 /* UIColorExt.swift in Sources */ = {isa = PBXBuildFile; fileRef = 236BC6C32744B5A5003D9013 /* UIColorExt.swift */; };
		236BC6C62744BA9B003D9013 /* HTTPMethod.swift in Sources */ = {isa = PBXBuildFile; fileRef = 236BC6C52744BA9B003D9013 /* HTTPMethod.swift */; };
		236BC6C82744BAAD003D9013 /* DataAPIError.swift in Sources */ = {isa = PBXBuildFile; fileRef = 236BC6C72744BAAD003D9013 /* DataAPIError.swift */; };
		236BC6D32744D20E003D9013 /* TableInfoCell.swift in Sources */ = {isa = PBXBuildFile; fileRef = 236BC6D12744D20E003D9013 /* TableInfoCell.swift */; };
		236BC6D42744D20E003D9013 /* TableInfoCell.xib in Resources */ = {isa = PBXBuildFile; fileRef = 236BC6D22744D20E003D9013 /* TableInfoCell.xib */; };
		236BC6D72744DA2A003D9013 /* DataStorage.swift in Sources */ = {isa = PBXBuildFile; fileRef = 236BC6D62744DA2A003D9013 /* DataStorage.swift */; };
/* End PBXBuildFile section */

/* Begin PBXFileReference section */
		236BC6A02744B1CC003D9013 /* PopinaDemo.app */ = {isa = PBXFileReference; explicitFileType = wrapper.application; includeInIndex = 0; path = PopinaDemo.app; sourceTree = BUILT_PRODUCTS_DIR; };
		236BC6A32744B1CC003D9013 /* AppDelegate.swift */ = {isa = PBXFileReference; lastKnownFileType = sourcecode.swift; path = AppDelegate.swift; sourceTree = "<group>"; };
		236BC6A52744B1CC003D9013 /* SceneDelegate.swift */ = {isa = PBXFileReference; lastKnownFileType = sourcecode.swift; path = SceneDelegate.swift; sourceTree = "<group>"; };
		236BC6A72744B1CC003D9013 /* OrdersListViewController.swift */ = {isa = PBXFileReference; lastKnownFileType = sourcecode.swift; path = OrdersListViewController.swift; sourceTree = "<group>"; };
		236BC6AA2744B1CC003D9013 /* Base */ = {isa = PBXFileReference; lastKnownFileType = file.storyboard; name = Base; path = Base.lproj/OrdersList.storyboard; sourceTree = "<group>"; };
		236BC6AC2744B1CE003D9013 /* Assets.xcassets */ = {isa = PBXFileReference; lastKnownFileType = folder.assetcatalog; path = Assets.xcassets; sourceTree = "<group>"; };
		236BC6AF2744B1CE003D9013 /* Base */ = {isa = PBXFileReference; lastKnownFileType = file.storyboard; name = Base; path = Base.lproj/LaunchScreen.storyboard; sourceTree = "<group>"; };
		236BC6B12744B1CE003D9013 /* Info.plist */ = {isa = PBXFileReference; lastKnownFileType = text.plist.xml; path = Info.plist; sourceTree = "<group>"; };
		236BC6B82744B26A003D9013 /* DataAPI.swift */ = {isa = PBXFileReference; lastKnownFileType = sourcecode.swift; path = DataAPI.swift; sourceTree = "<group>"; };
		236BC6BB2744B49E003D9013 /* Dish.swift */ = {isa = PBXFileReference; lastKnownFileType = sourcecode.swift; path = Dish.swift; sourceTree = "<group>"; };
		236BC6BD2744B4C5003D9013 /* Order.swift */ = {isa = PBXFileReference; lastKnownFileType = sourcecode.swift; path = Order.swift; sourceTree = "<group>"; };
		236BC6BF2744B4F2003D9013 /* Till.swift */ = {isa = PBXFileReference; lastKnownFileType = sourcecode.swift; path = Till.swift; sourceTree = "<group>"; };
		236BC6C32744B5A5003D9013 /* UIColorExt.swift */ = {isa = PBXFileReference; lastKnownFileType = sourcecode.swift; path = UIColorExt.swift; sourceTree = "<group>"; };
		236BC6C52744BA9B003D9013 /* HTTPMethod.swift */ = {isa = PBXFileReference; lastKnownFileType = sourcecode.swift; path = HTTPMethod.swift; sourceTree = "<group>"; };
		236BC6C72744BAAD003D9013 /* DataAPIError.swift */ = {isa = PBXFileReference; lastKnownFileType = sourcecode.swift; path = DataAPIError.swift; sourceTree = "<group>"; };
		236BC6D12744D20E003D9013 /* TableInfoCell.swift */ = {isa = PBXFileReference; lastKnownFileType = sourcecode.swift; path = TableInfoCell.swift; sourceTree = "<group>"; };
		236BC6D22744D20E003D9013 /* TableInfoCell.xib */ = {isa = PBXFileReference; lastKnownFileType = file.xib; path = TableInfoCell.xib; sourceTree = "<group>"; };
		236BC6D62744DA2A003D9013 /* DataStorage.swift */ = {isa = PBXFileReference; lastKnownFileType = sourcecode.swift; path = DataStorage.swift; sourceTree = "<group>"; };
/* End PBXFileReference section */

/* Begin PBXFrameworksBuildPhase section */
		236BC69D2744B1CC003D9013 /* Frameworks */ = {
			isa = PBXFrameworksBuildPhase;
			buildActionMask = 2147483647;
			files = (
			);
			runOnlyForDeploymentPostprocessing = 0;
		};
/* End PBXFrameworksBuildPhase section */

/* Begin PBXGroup section */
		236BC6972744B1CC003D9013 = {
			isa = PBXGroup;
			children = (
				236BC6A22744B1CC003D9013 /* PopinaDemo */,
				236BC6A12744B1CC003D9013 /* Products */,
			);
			sourceTree = "<group>";
		};
		236BC6A12744B1CC003D9013 /* Products */ = {
			isa = PBXGroup;
			children = (
				236BC6A02744B1CC003D9013 /* PopinaDemo.app */,
			);
			name = Products;
			sourceTree = "<group>";
		};
		236BC6A22744B1CC003D9013 /* PopinaDemo */ = {
			isa = PBXGroup;
			children = (
				236BC6D52744DA1B003D9013 /* Services */,
				236BC6B12744B1CE003D9013 /* Info.plist */,
				236BC6A32744B1CC003D9013 /* AppDelegate.swift */,
				236BC6A52744B1CC003D9013 /* SceneDelegate.swift */,
				236BC6AC2744B1CE003D9013 /* Assets.xcassets */,
				236BC6C12744B57B003D9013 /* Common */,
				236BC6AE2744B1CE003D9013 /* LaunchScreen.storyboard */,
				236BC6BA2744B3F9003D9013 /* Models */,
				236BC6B72744B252003D9013 /* Network */,
				236BC6C92744CDDD003D9013 /* Scenes */,
			);
			path = PopinaDemo;
			sourceTree = "<group>";
		};
		236BC6B72744B252003D9013 /* Network */ = {
			isa = PBXGroup;
			children = (
				236BC6B82744B26A003D9013 /* DataAPI.swift */,
				236BC6C52744BA9B003D9013 /* HTTPMethod.swift */,
				236BC6C72744BAAD003D9013 /* DataAPIError.swift */,
			);
			path = Network;
			sourceTree = "<group>";
		};
		236BC6BA2744B3F9003D9013 /* Models */ = {
			isa = PBXGroup;
			children = (
				236BC6BB2744B49E003D9013 /* Dish.swift */,
				236BC6BD2744B4C5003D9013 /* Order.swift */,
				236BC6BF2744B4F2003D9013 /* Till.swift */,
			);
			path = Models;
			sourceTree = "<group>";
		};
		236BC6C12744B57B003D9013 /* Common */ = {
			isa = PBXGroup;
			children = (
				236BC6C22744B591003D9013 /* Extensions */,
			);
			path = Common;
			sourceTree = "<group>";
		};
		236BC6C22744B591003D9013 /* Extensions */ = {
			isa = PBXGroup;
			children = (
				236BC6C32744B5A5003D9013 /* UIColorExt.swift */,
			);
			path = Extensions;
			sourceTree = "<group>";
		};
		236BC6C92744CDDD003D9013 /* Scenes */ = {
			isa = PBXGroup;
			children = (
				236BC6D827450CB8003D9013 /* DetailedOrder */,
				236BC6CA2744CDF3003D9013 /* OrdersList */,
			);
			path = Scenes;
			sourceTree = "<group>";
		};
		236BC6CA2744CDF3003D9013 /* OrdersList */ = {
			isa = PBXGroup;
			children = (
				236BC6CB2744CF3A003D9013 /* Subviews */,
				236BC6A72744B1CC003D9013 /* OrdersListViewController.swift */,
				236BC6A92744B1CC003D9013 /* OrdersList.storyboard */,
			);
			path = OrdersList;
			sourceTree = "<group>";
		};
		236BC6CB2744CF3A003D9013 /* Subviews */ = {
			isa = PBXGroup;
			children = (
				236BC6CC2744CF42003D9013 /* TableInfoCell */,
			);
			path = Subviews;
			sourceTree = "<group>";
		};
		236BC6CC2744CF42003D9013 /* TableInfoCell */ = {
			isa = PBXGroup;
			children = (
				236BC6D12744D20E003D9013 /* TableInfoCell.swift */,
				236BC6D22744D20E003D9013 /* TableInfoCell.xib */,
			);
			path = TableInfoCell;
			sourceTree = "<group>";
		};
		236BC6D52744DA1B003D9013 /* Services */ = {
			isa = PBXGroup;
			children = (
				236BC6D62744DA2A003D9013 /* DataStorage.swift */,
			);
			path = Services;
			sourceTree = "<group>";
		};
		236BC6D827450CB8003D9013 /* DetailedOrder */ = {
			isa = PBXGroup;
			children = (
			);
			path = DetailedOrder;
			sourceTree = "<group>";
		};
/* End PBXGroup section */

/* Begin PBXNativeTarget section */
		236BC69F2744B1CC003D9013 /* PopinaDemo */ = {
			isa = PBXNativeTarget;
			buildConfigurationList = 236BC6B42744B1CE003D9013 /* Build configuration list for PBXNativeTarget "PopinaDemo" */;
			buildPhases = (
				236BC69C2744B1CC003D9013 /* Sources */,
				236BC69D2744B1CC003D9013 /* Frameworks */,
				236BC69E2744B1CC003D9013 /* Resources */,
			);
			buildRules = (
			);
			dependencies = (
			);
			name = PopinaDemo;
			productName = PopinaDemo;
			productReference = 236BC6A02744B1CC003D9013 /* PopinaDemo.app */;
			productType = "com.apple.product-type.application";
		};
/* End PBXNativeTarget section */

/* Begin PBXProject section */
		236BC6982744B1CC003D9013 /* Project object */ = {
			isa = PBXProject;
			attributes = {
				BuildIndependentTargetsInParallel = 1;
				LastSwiftUpdateCheck = 1310;
				LastUpgradeCheck = 1310;
				TargetAttributes = {
					236BC69F2744B1CC003D9013 = {
						CreatedOnToolsVersion = 13.1;
					};
				};
			};
			buildConfigurationList = 236BC69B2744B1CC003D9013 /* Build configuration list for PBXProject "PopinaDemo" */;
			compatibilityVersion = "Xcode 13.0";
			developmentRegion = en;
			hasScannedForEncodings = 0;
			knownRegions = (
				en,
				Base,
			);
			mainGroup = 236BC6972744B1CC003D9013;
			productRefGroup = 236BC6A12744B1CC003D9013 /* Products */;
			projectDirPath = "";
			projectRoot = "";
			targets = (
				236BC69F2744B1CC003D9013 /* PopinaDemo */,
			);
		};
/* End PBXProject section */

/* Begin PBXResourcesBuildPhase section */
		236BC69E2744B1CC003D9013 /* Resources */ = {
			isa = PBXResourcesBuildPhase;
			buildActionMask = 2147483647;
			files = (
				236BC6D42744D20E003D9013 /* TableInfoCell.xib in Resources */,
				236BC6B02744B1CE003D9013 /* LaunchScreen.storyboard in Resources */,
				236BC6AD2744B1CE003D9013 /* Assets.xcassets in Resources */,
				236BC6AB2744B1CC003D9013 /* OrdersList.storyboard in Resources */,
			);
			runOnlyForDeploymentPostprocessing = 0;
		};
/* End PBXResourcesBuildPhase section */

/* Begin PBXSourcesBuildPhase section */
		236BC69C2744B1CC003D9013 /* Sources */ = {
			isa = PBXSourcesBuildPhase;
			buildActionMask = 2147483647;
			files = (
				236BC6BE2744B4C5003D9013 /* Order.swift in Sources */,
				236BC6C42744B5A5003D9013 /* UIColorExt.swift in Sources */,
				236BC6B92744B26A003D9013 /* DataAPI.swift in Sources */,
				236BC6D72744DA2A003D9013 /* DataStorage.swift in Sources */,
				236BC6A82744B1CC003D9013 /* OrdersListViewController.swift in Sources */,
				236BC6C02744B4F2003D9013 /* Till.swift in Sources */,
				236BC6C82744BAAD003D9013 /* DataAPIError.swift in Sources */,
				236BC6C62744BA9B003D9013 /* HTTPMethod.swift in Sources */,
				236BC6A42744B1CC003D9013 /* AppDelegate.swift in Sources */,
				236BC6A62744B1CC003D9013 /* SceneDelegate.swift in Sources */,
				236BC6D32744D20E003D9013 /* TableInfoCell.swift in Sources */,
				236BC6BC2744B49E003D9013 /* Dish.swift in Sources */,
			);
			runOnlyForDeploymentPostprocessing = 0;
		};
/* End PBXSourcesBuildPhase section */

/* Begin PBXVariantGroup section */
		236BC6A92744B1CC003D9013 /* OrdersList.storyboard */ = {
			isa = PBXVariantGroup;
			children = (
				236BC6AA2744B1CC003D9013 /* Base */,
			);
			name = OrdersList.storyboard;
			sourceTree = "<group>";
		};
		236BC6AE2744B1CE003D9013 /* LaunchScreen.storyboard */ = {
			isa = PBXVariantGroup;
			children = (
				236BC6AF2744B1CE003D9013 /* Base */,
			);
			name = LaunchScreen.storyboard;
			sourceTree = "<group>";
		};
/* End PBXVariantGroup section */

/* Begin XCBuildConfiguration section */
		236BC6B22744B1CE003D9013 /* Debug */ = {
			isa = XCBuildConfiguration;
			buildSettings = {
				ALWAYS_SEARCH_USER_PATHS = NO;
				CLANG_ANALYZER_NONNULL = YES;
				CLANG_ANALYZER_NUMBER_OBJECT_CONVERSION = YES_AGGRESSIVE;
				CLANG_CXX_LANGUAGE_STANDARD = "gnu++17";
				CLANG_CXX_LIBRARY = "libc++";
				CLANG_ENABLE_MODULES = YES;
				CLANG_ENABLE_OBJC_ARC = YES;
				CLANG_ENABLE_OBJC_WEAK = YES;
				CLANG_WARN_BLOCK_CAPTURE_AUTORELEASING = YES;
				CLANG_WARN_BOOL_CONVERSION = YES;
				CLANG_WARN_COMMA = YES;
				CLANG_WARN_CONSTANT_CONVERSION = YES;
				CLANG_WARN_DEPRECATED_OBJC_IMPLEMENTATIONS = YES;
				CLANG_WARN_DIRECT_OBJC_ISA_USAGE = YES_ERROR;
				CLANG_WARN_DOCUMENTATION_COMMENTS = YES;
				CLANG_WARN_EMPTY_BODY = YES;
				CLANG_WARN_ENUM_CONVERSION = YES;
				CLANG_WARN_INFINITE_RECURSION = YES;
				CLANG_WARN_INT_CONVERSION = YES;
				CLANG_WARN_NON_LITERAL_NULL_CONVERSION = YES;
				CLANG_WARN_OBJC_IMPLICIT_RETAIN_SELF = YES;
				CLANG_WARN_OBJC_LITERAL_CONVERSION = YES;
				CLANG_WARN_OBJC_ROOT_CLASS = YES_ERROR;
				CLANG_WARN_QUOTED_INCLUDE_IN_FRAMEWORK_HEADER = YES;
				CLANG_WARN_RANGE_LOOP_ANALYSIS = YES;
				CLANG_WARN_STRICT_PROTOTYPES = YES;
				CLANG_WARN_SUSPICIOUS_MOVE = YES;
				CLANG_WARN_UNGUARDED_AVAILABILITY = YES_AGGRESSIVE;
				CLANG_WARN_UNREACHABLE_CODE = YES;
				CLANG_WARN__DUPLICATE_METHOD_MATCH = YES;
				COPY_PHASE_STRIP = NO;
				DEBUG_INFORMATION_FORMAT = dwarf;
				ENABLE_STRICT_OBJC_MSGSEND = YES;
				ENABLE_TESTABILITY = YES;
				GCC_C_LANGUAGE_STANDARD = gnu11;
				GCC_DYNAMIC_NO_PIC = NO;
				GCC_NO_COMMON_BLOCKS = YES;
				GCC_OPTIMIZATION_LEVEL = 0;
				GCC_PREPROCESSOR_DEFINITIONS = (
					"DEBUG=1",
					"$(inherited)",
				);
				GCC_WARN_64_TO_32_BIT_CONVERSION = YES;
				GCC_WARN_ABOUT_RETURN_TYPE = YES_ERROR;
				GCC_WARN_UNDECLARED_SELECTOR = YES;
				GCC_WARN_UNINITIALIZED_AUTOS = YES_AGGRESSIVE;
				GCC_WARN_UNUSED_FUNCTION = YES;
				GCC_WARN_UNUSED_VARIABLE = YES;
				IPHONEOS_DEPLOYMENT_TARGET = 15.0;
				MTL_ENABLE_DEBUG_INFO = INCLUDE_SOURCE;
				MTL_FAST_MATH = YES;
				ONLY_ACTIVE_ARCH = YES;
				SDKROOT = iphoneos;
				SWIFT_ACTIVE_COMPILATION_CONDITIONS = DEBUG;
				SWIFT_OPTIMIZATION_LEVEL = "-Onone";
			};
			name = Debug;
		};
		236BC6B32744B1CE003D9013 /* Release */ = {
			isa = XCBuildConfiguration;
			buildSettings = {
				ALWAYS_SEARCH_USER_PATHS = NO;
				CLANG_ANALYZER_NONNULL = YES;
				CLANG_ANALYZER_NUMBER_OBJECT_CONVERSION = YES_AGGRESSIVE;
				CLANG_CXX_LANGUAGE_STANDARD = "gnu++17";
				CLANG_CXX_LIBRARY = "libc++";
				CLANG_ENABLE_MODULES = YES;
				CLANG_ENABLE_OBJC_ARC = YES;
				CLANG_ENABLE_OBJC_WEAK = YES;
				CLANG_WARN_BLOCK_CAPTURE_AUTORELEASING = YES;
				CLANG_WARN_BOOL_CONVERSION = YES;
				CLANG_WARN_COMMA = YES;
				CLANG_WARN_CONSTANT_CONVERSION = YES;
				CLANG_WARN_DEPRECATED_OBJC_IMPLEMENTATIONS = YES;
				CLANG_WARN_DIRECT_OBJC_ISA_USAGE = YES_ERROR;
				CLANG_WARN_DOCUMENTATION_COMMENTS = YES;
				CLANG_WARN_EMPTY_BODY = YES;
				CLANG_WARN_ENUM_CONVERSION = YES;
				CLANG_WARN_INFINITE_RECURSION = YES;
				CLANG_WARN_INT_CONVERSION = YES;
				CLANG_WARN_NON_LITERAL_NULL_CONVERSION = YES;
				CLANG_WARN_OBJC_IMPLICIT_RETAIN_SELF = YES;
				CLANG_WARN_OBJC_LITERAL_CONVERSION = YES;
				CLANG_WARN_OBJC_ROOT_CLASS = YES_ERROR;
				CLANG_WARN_QUOTED_INCLUDE_IN_FRAMEWORK_HEADER = YES;
				CLANG_WARN_RANGE_LOOP_ANALYSIS = YES;
				CLANG_WARN_STRICT_PROTOTYPES = YES;
				CLANG_WARN_SUSPICIOUS_MOVE = YES;
				CLANG_WARN_UNGUARDED_AVAILABILITY = YES_AGGRESSIVE;
				CLANG_WARN_UNREACHABLE_CODE = YES;
				CLANG_WARN__DUPLICATE_METHOD_MATCH = YES;
				COPY_PHASE_STRIP = NO;
				DEBUG_INFORMATION_FORMAT = "dwarf-with-dsym";
				ENABLE_NS_ASSERTIONS = NO;
				ENABLE_STRICT_OBJC_MSGSEND = YES;
				GCC_C_LANGUAGE_STANDARD = gnu11;
				GCC_NO_COMMON_BLOCKS = YES;
				GCC_WARN_64_TO_32_BIT_CONVERSION = YES;
				GCC_WARN_ABOUT_RETURN_TYPE = YES_ERROR;
				GCC_WARN_UNDECLARED_SELECTOR = YES;
				GCC_WARN_UNINITIALIZED_AUTOS = YES_AGGRESSIVE;
				GCC_WARN_UNUSED_FUNCTION = YES;
				GCC_WARN_UNUSED_VARIABLE = YES;
				IPHONEOS_DEPLOYMENT_TARGET = 15.0;
				MTL_ENABLE_DEBUG_INFO = NO;
				MTL_FAST_MATH = YES;
				SDKROOT = iphoneos;
				SWIFT_COMPILATION_MODE = wholemodule;
				SWIFT_OPTIMIZATION_LEVEL = "-O";
				VALIDATE_PRODUCT = YES;
			};
			name = Release;
		};
		236BC6B52744B1CE003D9013 /* Debug */ = {
			isa = XCBuildConfiguration;
			buildSettings = {
				ASSETCATALOG_COMPILER_APPICON_NAME = AppIcon;
				ASSETCATALOG_COMPILER_GLOBAL_ACCENT_COLOR_NAME = AccentColor;
				CODE_SIGN_STYLE = Automatic;
				CURRENT_PROJECT_VERSION = 1;
				DEVELOPMENT_TEAM = Y42575E352;
				GENERATE_INFOPLIST_FILE = YES;
				INFOPLIST_FILE = PopinaDemo/Info.plist;
				INFOPLIST_KEY_UIApplicationSupportsIndirectInputEvents = YES;
				INFOPLIST_KEY_UILaunchStoryboardName = LaunchScreen;
				INFOPLIST_KEY_UIMainStoryboardFile = OrdersList;
				INFOPLIST_KEY_UISupportedInterfaceOrientations_iPad = "UIInterfaceOrientationPortrait UIInterfaceOrientationPortraitUpsideDown UIInterfaceOrientationLandscapeLeft UIInterfaceOrientationLandscapeRight";
				INFOPLIST_KEY_UISupportedInterfaceOrientations_iPhone = "UIInterfaceOrientationPortrait UIInterfaceOrientationLandscapeLeft UIInterfaceOrientationLandscapeRight";
				IPHONEOS_DEPLOYMENT_TARGET = 13.0;
				LD_RUNPATH_SEARCH_PATHS = (
					"$(inherited)",
					"@executable_path/Frameworks",
				);
				MARKETING_VERSION = 1.0;
				PRODUCT_BUNDLE_IDENTIFIER = com.noveo.PopinaDemo;
				PRODUCT_NAME = "$(TARGET_NAME)";
				SWIFT_EMIT_LOC_STRINGS = YES;
				SWIFT_VERSION = 5.0;
				TARGETED_DEVICE_FAMILY = "1,2";
			};
			name = Debug;
		};
		236BC6B62744B1CE003D9013 /* Release */ = {
			isa = XCBuildConfiguration;
			buildSettings = {
				ASSETCATALOG_COMPILER_APPICON_NAME = AppIcon;
				ASSETCATALOG_COMPILER_GLOBAL_ACCENT_COLOR_NAME = AccentColor;
				CODE_SIGN_STYLE = Automatic;
				CURRENT_PROJECT_VERSION = 1;
				DEVELOPMENT_TEAM = Y42575E352;
				GENERATE_INFOPLIST_FILE = YES;
				INFOPLIST_FILE = PopinaDemo/Info.plist;
				INFOPLIST_KEY_UIApplicationSupportsIndirectInputEvents = YES;
				INFOPLIST_KEY_UILaunchStoryboardName = LaunchScreen;
				INFOPLIST_KEY_UIMainStoryboardFile = OrdersList;
				INFOPLIST_KEY_UISupportedInterfaceOrientations_iPad = "UIInterfaceOrientationPortrait UIInterfaceOrientationPortraitUpsideDown UIInterfaceOrientationLandscapeLeft UIInterfaceOrientationLandscapeRight";
				INFOPLIST_KEY_UISupportedInterfaceOrientations_iPhone = "UIInterfaceOrientationPortrait UIInterfaceOrientationLandscapeLeft UIInterfaceOrientationLandscapeRight";
				IPHONEOS_DEPLOYMENT_TARGET = 13.0;
				LD_RUNPATH_SEARCH_PATHS = (
					"$(inherited)",
					"@executable_path/Frameworks",
				);
				MARKETING_VERSION = 1.0;
				PRODUCT_BUNDLE_IDENTIFIER = com.noveo.PopinaDemo;
				PRODUCT_NAME = "$(TARGET_NAME)";
				SWIFT_EMIT_LOC_STRINGS = YES;
				SWIFT_VERSION = 5.0;
				TARGETED_DEVICE_FAMILY = "1,2";
			};
			name = Release;
		};
/* End XCBuildConfiguration section */

/* Begin XCConfigurationList section */
		236BC69B2744B1CC003D9013 /* Build configuration list for PBXProject "PopinaDemo" */ = {
			isa = XCConfigurationList;
			buildConfigurations = (
				236BC6B22744B1CE003D9013 /* Debug */,
				236BC6B32744B1CE003D9013 /* Release */,
			);
			defaultConfigurationIsVisible = 0;
			defaultConfigurationName = Release;
		};
		236BC6B42744B1CE003D9013 /* Build configuration list for PBXNativeTarget "PopinaDemo" */ = {
			isa = XCConfigurationList;
			buildConfigurations = (
				236BC6B52744B1CE003D9013 /* Debug */,
				236BC6B62744B1CE003D9013 /* Release */,
			);
			defaultConfigurationIsVisible = 0;
			defaultConfigurationName = Release;
		};
/* End XCConfigurationList section */
	};
	rootObject = 236BC6982744B1CC003D9013 /* Project object */;
}
